// !$*UTF8*$!
{
	archiveVersion = 1;
	classes = {
	};
	objectVersion = 50;
	objects = {

/* Begin PBXBuildFile section */
		181EA7A3225BD50800D2478C /* Conductor.swift in Sources */ = {isa = PBXBuildFile; fileRef = 181EA7A2225BD50800D2478C /* Conductor.swift */; };
		181EA7A5225BD52600D2478C /* Song.swift in Sources */ = {isa = PBXBuildFile; fileRef = 181EA7A4225BD52600D2478C /* Song.swift */; };
		181EA7A7225BD54A00D2478C /* Note.swift in Sources */ = {isa = PBXBuildFile; fileRef = 181EA7A6225BD54A00D2478C /* Note.swift */; };
		181EA7A9225BD56500D2478C /* Bar.swift in Sources */ = {isa = PBXBuildFile; fileRef = 181EA7A8225BD56500D2478C /* Bar.swift */; };
		18441143225BE8BC00F4CEF5 /* Dot.swift in Sources */ = {isa = PBXBuildFile; fileRef = 18441142225BE8BC00F4CEF5 /* Dot.swift */; };
		18441146225BF86300F4CEF5 /* AVFoundation.framework in Frameworks */ = {isa = PBXBuildFile; fileRef = 18441145225BF86300F4CEF5 /* AVFoundation.framework */; };
		184E73D6225C000500187D92 /* GameInstance.swift in Sources */ = {isa = PBXBuildFile; fileRef = 184E73D5225C000500187D92 /* GameInstance.swift */; };
		186632CA22494ABA009BE45A /* SpriteButton.swift in Sources */ = {isa = PBXBuildFile; fileRef = 186632C922494ABA009BE45A /* SpriteButton.swift */; };
		1872AD732261217200F2511E /* Score.swift in Sources */ = {isa = PBXBuildFile; fileRef = 1872AD712261217200F2511E /* Score.swift */; };
		189650FE225C1DC6005F42CB /* Slider.swift in Sources */ = {isa = PBXBuildFile; fileRef = 189650FD225C1DC6005F42CB /* Slider.swift */; };
		18BAE66E22613770003ADB15 /* BaseScene.swift in Sources */ = {isa = PBXBuildFile; fileRef = 18BAE66D22613770003ADB15 /* BaseScene.swift */; };
		18EDEBC822453B6400E64F66 /* AppDelegate.swift in Sources */ = {isa = PBXBuildFile; fileRef = 18EDEBC722453B6400E64F66 /* AppDelegate.swift */; };
		18EDEBCA22453B6400E64F66 /* GameScene.sks in Resources */ = {isa = PBXBuildFile; fileRef = 18EDEBC922453B6400E64F66 /* GameScene.sks */; };
		18EDEBCC22453B6400E64F66 /* Actions.sks in Resources */ = {isa = PBXBuildFile; fileRef = 18EDEBCB22453B6400E64F66 /* Actions.sks */; };
		18EDEBCE22453B6400E64F66 /* GameScene.swift in Sources */ = {isa = PBXBuildFile; fileRef = 18EDEBCD22453B6400E64F66 /* GameScene.swift */; };
		18EDEBD022453B6400E64F66 /* GameViewController.swift in Sources */ = {isa = PBXBuildFile; fileRef = 18EDEBCF22453B6400E64F66 /* GameViewController.swift */; };
		18EDEBD322453B6400E64F66 /* Main.storyboard in Resources */ = {isa = PBXBuildFile; fileRef = 18EDEBD122453B6400E64F66 /* Main.storyboard */; };
		18EDEBD522453B6500E64F66 /* Assets.xcassets in Resources */ = {isa = PBXBuildFile; fileRef = 18EDEBD422453B6500E64F66 /* Assets.xcassets */; };
		18EDEBD822453B6500E64F66 /* LaunchScreen.storyboard in Resources */ = {isa = PBXBuildFile; fileRef = 18EDEBD622453B6500E64F66 /* LaunchScreen.storyboard */; };
		18EDEBE322453B6500E64F66 /* MoreCowbellTests.swift in Sources */ = {isa = PBXBuildFile; fileRef = 18EDEBE222453B6500E64F66 /* MoreCowbellTests.swift */; };
		18EDEBEE22453B6500E64F66 /* MoreCowbellUITests.swift in Sources */ = {isa = PBXBuildFile; fileRef = 18EDEBED22453B6500E64F66 /* MoreCowbellUITests.swift */; };
		18EDEBFC22453C3600E64F66 /* StartScreen.swift in Sources */ = {isa = PBXBuildFile; fileRef = 18EDEBFB22453C3600E64F66 /* StartScreen.swift */; };
		18EDEBFE2245431600E64F66 /* MapScreen.swift in Sources */ = {isa = PBXBuildFile; fileRef = 18EDEBFD2245431600E64F66 /* MapScreen.swift */; };
		18EDEC002245436D00E64F66 /* GameScreen.swift in Sources */ = {isa = PBXBuildFile; fileRef = 18EDEBFF2245436D00E64F66 /* GameScreen.swift */; };
		18EDEC02224543A600E64F66 /* ResultScreen.swift in Sources */ = {isa = PBXBuildFile; fileRef = 18EDEC01224543A600E64F66 /* ResultScreen.swift */; };
		349870AB2263B55A00E0F077 /* OLORT.TTF in Resources */ = {isa = PBXBuildFile; fileRef = 349870AA2263B16500E0F077 /* OLORT.TTF */; };
		349870AC2263BD0400E0F077 /* McHandwriting.otf in Resources */ = {isa = PBXBuildFile; fileRef = 84672A092263BB0700FE902A /* McHandwriting.otf */; };
		840094162249C44300FED121 /* reaper.mp3 in Resources */ = {isa = PBXBuildFile; fileRef = 840094132249C44200FED121 /* reaper.mp3 */; };
		840094172249C44300FED121 /* surf.mp3 in Resources */ = {isa = PBXBuildFile; fileRef = 840094142249C44300FED121 /* surf.mp3 */; };
		840094182249C44300FED121 /* title.mp3 in Resources */ = {isa = PBXBuildFile; fileRef = 840094152249C44300FED121 /* title.mp3 */; };
		840094222249C45200FED121 /* diapers.wav in Resources */ = {isa = PBXBuildFile; fileRef = 840094192249C45100FED121 /* diapers.wav */; };
		840094232249C45200FED121 /* comeongene.wav in Resources */ = {isa = PBXBuildFile; fileRef = 8400941A2249C45100FED121 /* comeongene.wav */; };
		840094242249C45200FED121 /* prescription.wav in Resources */ = {isa = PBXBuildFile; fileRef = 8400941B2249C45100FED121 /* prescription.wav */; };
		840094252249C45200FED121 /* dynamitesound.wav in Resources */ = {isa = PBXBuildFile; fileRef = 8400941C2249C45100FED121 /* dynamitesound.wav */; };
		840094262249C45200FED121 /* cowbell.wav in Resources */ = {isa = PBXBuildFile; fileRef = 8400941D2249C45100FED121 /* cowbell.wav */; };
		840094272249C45200FED121 /* couldusemore.wav in Resources */ = {isa = PBXBuildFile; fileRef = 8400941E2249C45100FED121 /* couldusemore.wav */; };
		840094282249C45200FED121 /* dontblowthis.wav in Resources */ = {isa = PBXBuildFile; fileRef = 8400941F2249C45100FED121 /* dontblowthis.wav */; };
		840094292249C45200FED121 /* reaper.wav in Resources */ = {isa = PBXBuildFile; fileRef = 840094202249C45200FED121 /* reaper.wav */; };
		8400942A2249C45200FED121 /* morecowbell.wav in Resources */ = {isa = PBXBuildFile; fileRef = 840094212249C45200FED121 /* morecowbell.wav */; };
		84672A0B2263C7AA00FE902A /* lowRider.mp3 in Resources */ = {isa = PBXBuildFile; fileRef = 84672A0A2263C7AA00FE902A /* lowRider.mp3 */; };
		CE895AA422626F410039A1EF /* reaper.json in Resources */ = {isa = PBXBuildFile; fileRef = CE895AA322626F410039A1EF /* reaper.json */; };
		CE96E754226327CD008FD03F /* lowrider.json in Resources */ = {isa = PBXBuildFile; fileRef = CE96E753226327CD008FD03F /* lowrider.json */; };
/* End PBXBuildFile section */

/* Begin PBXContainerItemProxy section */
		18EDEBDF22453B6500E64F66 /* PBXContainerItemProxy */ = {
			isa = PBXContainerItemProxy;
			containerPortal = 18EDEBBC22453B6400E64F66 /* Project object */;
			proxyType = 1;
			remoteGlobalIDString = 18EDEBC322453B6400E64F66;
			remoteInfo = MoreCowbell;
		};
		18EDEBEA22453B6500E64F66 /* PBXContainerItemProxy */ = {
			isa = PBXContainerItemProxy;
			containerPortal = 18EDEBBC22453B6400E64F66 /* Project object */;
			proxyType = 1;
			remoteGlobalIDString = 18EDEBC322453B6400E64F66;
			remoteInfo = MoreCowbell;
		};
/* End PBXContainerItemProxy section */

/* Begin PBXFileReference section */
		181EA7A2225BD50800D2478C /* Conductor.swift */ = {isa = PBXFileReference; lastKnownFileType = sourcecode.swift; path = Conductor.swift; sourceTree = "<group>"; };
		181EA7A4225BD52600D2478C /* Song.swift */ = {isa = PBXFileReference; lastKnownFileType = sourcecode.swift; path = Song.swift; sourceTree = "<group>"; };
		181EA7A6225BD54A00D2478C /* Note.swift */ = {isa = PBXFileReference; lastKnownFileType = sourcecode.swift; path = Note.swift; sourceTree = "<group>"; };
		181EA7A8225BD56500D2478C /* Bar.swift */ = {isa = PBXFileReference; lastKnownFileType = sourcecode.swift; path = Bar.swift; sourceTree = "<group>"; };
		18441142225BE8BC00F4CEF5 /* Dot.swift */ = {isa = PBXFileReference; lastKnownFileType = sourcecode.swift; path = Dot.swift; sourceTree = "<group>"; };
		18441145225BF86300F4CEF5 /* AVFoundation.framework */ = {isa = PBXFileReference; lastKnownFileType = wrapper.framework; name = AVFoundation.framework; path = System/Library/Frameworks/AVFoundation.framework; sourceTree = SDKROOT; };
		184E73D5225C000500187D92 /* GameInstance.swift */ = {isa = PBXFileReference; lastKnownFileType = sourcecode.swift; path = GameInstance.swift; sourceTree = "<group>"; };
		186632C922494ABA009BE45A /* SpriteButton.swift */ = {isa = PBXFileReference; fileEncoding = 4; lastKnownFileType = sourcecode.swift; path = SpriteButton.swift; sourceTree = "<group>"; };
		1872AD712261217200F2511E /* Score.swift */ = {isa = PBXFileReference; fileEncoding = 4; lastKnownFileType = sourcecode.swift; path = Score.swift; sourceTree = "<group>"; };
		189650FD225C1DC6005F42CB /* Slider.swift */ = {isa = PBXFileReference; lastKnownFileType = sourcecode.swift; path = Slider.swift; sourceTree = "<group>"; };
		18BAE66D22613770003ADB15 /* BaseScene.swift */ = {isa = PBXFileReference; lastKnownFileType = sourcecode.swift; path = BaseScene.swift; sourceTree = "<group>"; };
		18EDEBC422453B6400E64F66 /* MoreCowbell.app */ = {isa = PBXFileReference; explicitFileType = wrapper.application; includeInIndex = 0; path = MoreCowbell.app; sourceTree = BUILT_PRODUCTS_DIR; };
		18EDEBC722453B6400E64F66 /* AppDelegate.swift */ = {isa = PBXFileReference; lastKnownFileType = sourcecode.swift; path = AppDelegate.swift; sourceTree = "<group>"; };
		18EDEBC922453B6400E64F66 /* GameScene.sks */ = {isa = PBXFileReference; lastKnownFileType = file.sks; path = GameScene.sks; sourceTree = "<group>"; };
		18EDEBCB22453B6400E64F66 /* Actions.sks */ = {isa = PBXFileReference; lastKnownFileType = file.sks; path = Actions.sks; sourceTree = "<group>"; };
		18EDEBCD22453B6400E64F66 /* GameScene.swift */ = {isa = PBXFileReference; lastKnownFileType = sourcecode.swift; path = GameScene.swift; sourceTree = "<group>"; };
		18EDEBCF22453B6400E64F66 /* GameViewController.swift */ = {isa = PBXFileReference; lastKnownFileType = sourcecode.swift; path = GameViewController.swift; sourceTree = "<group>"; };
		18EDEBD222453B6400E64F66 /* Base */ = {isa = PBXFileReference; lastKnownFileType = file.storyboard; name = Base; path = Base.lproj/Main.storyboard; sourceTree = "<group>"; };
		18EDEBD422453B6500E64F66 /* Assets.xcassets */ = {isa = PBXFileReference; lastKnownFileType = folder.assetcatalog; path = Assets.xcassets; sourceTree = "<group>"; };
		18EDEBD722453B6500E64F66 /* Base */ = {isa = PBXFileReference; lastKnownFileType = file.storyboard; name = Base; path = Base.lproj/LaunchScreen.storyboard; sourceTree = "<group>"; };
		18EDEBD922453B6500E64F66 /* Info.plist */ = {isa = PBXFileReference; lastKnownFileType = text.plist.xml; path = Info.plist; sourceTree = "<group>"; };
		18EDEBDE22453B6500E64F66 /* MoreCowbellTests.xctest */ = {isa = PBXFileReference; explicitFileType = wrapper.cfbundle; includeInIndex = 0; path = MoreCowbellTests.xctest; sourceTree = BUILT_PRODUCTS_DIR; };
		18EDEBE222453B6500E64F66 /* MoreCowbellTests.swift */ = {isa = PBXFileReference; lastKnownFileType = sourcecode.swift; path = MoreCowbellTests.swift; sourceTree = "<group>"; };
		18EDEBE422453B6500E64F66 /* Info.plist */ = {isa = PBXFileReference; lastKnownFileType = text.plist.xml; path = Info.plist; sourceTree = "<group>"; };
		18EDEBE922453B6500E64F66 /* MoreCowbellUITests.xctest */ = {isa = PBXFileReference; explicitFileType = wrapper.cfbundle; includeInIndex = 0; path = MoreCowbellUITests.xctest; sourceTree = BUILT_PRODUCTS_DIR; };
		18EDEBED22453B6500E64F66 /* MoreCowbellUITests.swift */ = {isa = PBXFileReference; lastKnownFileType = sourcecode.swift; path = MoreCowbellUITests.swift; sourceTree = "<group>"; };
		18EDEBEF22453B6500E64F66 /* Info.plist */ = {isa = PBXFileReference; lastKnownFileType = text.plist.xml; path = Info.plist; sourceTree = "<group>"; };
		18EDEBFB22453C3600E64F66 /* StartScreen.swift */ = {isa = PBXFileReference; lastKnownFileType = sourcecode.swift; path = StartScreen.swift; sourceTree = "<group>"; };
		18EDEBFD2245431600E64F66 /* MapScreen.swift */ = {isa = PBXFileReference; lastKnownFileType = sourcecode.swift; path = MapScreen.swift; sourceTree = "<group>"; };
		18EDEBFF2245436D00E64F66 /* GameScreen.swift */ = {isa = PBXFileReference; lastKnownFileType = sourcecode.swift; path = GameScreen.swift; sourceTree = "<group>"; };
		18EDEC01224543A600E64F66 /* ResultScreen.swift */ = {isa = PBXFileReference; lastKnownFileType = sourcecode.swift; path = ResultScreen.swift; sourceTree = "<group>"; };
		349870AA2263B16500E0F077 /* OLORT.TTF */ = {isa = PBXFileReference; lastKnownFileType = file; name = OLORT.TTF; path = Assets.xcassets/fonts/counterFont.dataset/OLORT.TTF; sourceTree = "<group>"; };
		840094132249C44200FED121 /* reaper.mp3 */ = {isa = PBXFileReference; lastKnownFileType = audio.mp3; path = reaper.mp3; sourceTree = "<group>"; };
		840094142249C44300FED121 /* surf.mp3 */ = {isa = PBXFileReference; lastKnownFileType = audio.mp3; path = surf.mp3; sourceTree = "<group>"; };
		840094152249C44300FED121 /* title.mp3 */ = {isa = PBXFileReference; lastKnownFileType = audio.mp3; path = title.mp3; sourceTree = "<group>"; };
		840094192249C45100FED121 /* diapers.wav */ = {isa = PBXFileReference; lastKnownFileType = audio.wav; path = diapers.wav; sourceTree = "<group>"; };
		8400941A2249C45100FED121 /* comeongene.wav */ = {isa = PBXFileReference; lastKnownFileType = audio.wav; path = comeongene.wav; sourceTree = "<group>"; };
		8400941B2249C45100FED121 /* prescription.wav */ = {isa = PBXFileReference; lastKnownFileType = audio.wav; path = prescription.wav; sourceTree = "<group>"; };
		8400941C2249C45100FED121 /* dynamitesound.wav */ = {isa = PBXFileReference; lastKnownFileType = audio.wav; path = dynamitesound.wav; sourceTree = "<group>"; };
		8400941D2249C45100FED121 /* cowbell.wav */ = {isa = PBXFileReference; lastKnownFileType = audio.wav; path = cowbell.wav; sourceTree = "<group>"; };
		8400941E2249C45100FED121 /* couldusemore.wav */ = {isa = PBXFileReference; lastKnownFileType = audio.wav; path = couldusemore.wav; sourceTree = "<group>"; };
		8400941F2249C45100FED121 /* dontblowthis.wav */ = {isa = PBXFileReference; lastKnownFileType = audio.wav; path = dontblowthis.wav; sourceTree = "<group>"; };
		840094202249C45200FED121 /* reaper.wav */ = {isa = PBXFileReference; lastKnownFileType = audio.wav; path = reaper.wav; sourceTree = "<group>"; };
		840094212249C45200FED121 /* morecowbell.wav */ = {isa = PBXFileReference; lastKnownFileType = audio.wav; path = morecowbell.wav; sourceTree = "<group>"; };
		84672A092263BB0700FE902A /* McHandwriting.otf */ = {isa = PBXFileReference; lastKnownFileType = file; path = McHandwriting.otf; sourceTree = "<group>"; };
		84672A0A2263C7AA00FE902A /* lowRider.mp3 */ = {isa = PBXFileReference; lastKnownFileType = audio.mp3; path = lowRider.mp3; sourceTree = "<group>"; };
		CE895AA322626F410039A1EF /* reaper.json */ = {isa = PBXFileReference; fileEncoding = 4; lastKnownFileType = text.json; path = reaper.json; sourceTree = "<group>"; };
		CE96E753226327CD008FD03F /* lowrider.json */ = {isa = PBXFileReference; fileEncoding = 4; lastKnownFileType = text.json; path = lowrider.json; sourceTree = "<group>"; };
/* End PBXFileReference section */

/* Begin PBXFrameworksBuildPhase section */
		18EDEBC122453B6400E64F66 /* Frameworks */ = {
			isa = PBXFrameworksBuildPhase;
			buildActionMask = 2147483647;
			files = (
				18441146225BF86300F4CEF5 /* AVFoundation.framework in Frameworks */,
			);
			runOnlyForDeploymentPostprocessing = 0;
		};
		18EDEBDB22453B6500E64F66 /* Frameworks */ = {
			isa = PBXFrameworksBuildPhase;
			buildActionMask = 2147483647;
			files = (
			);
			runOnlyForDeploymentPostprocessing = 0;
		};
		18EDEBE622453B6500E64F66 /* Frameworks */ = {
			isa = PBXFrameworksBuildPhase;
			buildActionMask = 2147483647;
			files = (
			);
			runOnlyForDeploymentPostprocessing = 0;
		};
/* End PBXFrameworksBuildPhase section */

/* Begin PBXGroup section */
		18441144225BF86200F4CEF5 /* Frameworks */ = {
			isa = PBXGroup;
			children = (
				18441145225BF86300F4CEF5 /* AVFoundation.framework */,
			);
			name = Frameworks;
			sourceTree = "<group>";
		};
		18EDEBBB22453B6400E64F66 = {
			isa = PBXGroup;
			children = (
				18EDEBC622453B6400E64F66 /* MoreCowbell */,
				18EDEBE122453B6500E64F66 /* MoreCowbellTests */,
				18EDEBEC22453B6500E64F66 /* MoreCowbellUITests */,
				18EDEBC522453B6400E64F66 /* Products */,
				18441144225BF86200F4CEF5 /* Frameworks */,
			);
			sourceTree = "<group>";
		};
		18EDEBC522453B6400E64F66 /* Products */ = {
			isa = PBXGroup;
			children = (
				18EDEBC422453B6400E64F66 /* MoreCowbell.app */,
				18EDEBDE22453B6500E64F66 /* MoreCowbellTests.xctest */,
				18EDEBE922453B6500E64F66 /* MoreCowbellUITests.xctest */,
			);
			name = Products;
			sourceTree = "<group>";
		};
		18EDEBC622453B6400E64F66 /* MoreCowbell */ = {
			isa = PBXGroup;
			children = (
				CE895AA222626EDB0039A1EF /* SongData */,
				CEA75B6C226234CD00ECD15E /* Game */,
				8400940E2249C0B900FED121 /* Audio */,
				18EDEC05224544CE00E64F66 /* Conductor */,
				18EDEC042245447000E64F66 /* Actors */,
				18EDEC03224543FF00E64F66 /* Screens */,
				18EDEBC722453B6400E64F66 /* AppDelegate.swift */,
				18EDEBC922453B6400E64F66 /* GameScene.sks */,
				18EDEBCB22453B6400E64F66 /* Actions.sks */,
				18EDEBCD22453B6400E64F66 /* GameScene.swift */,
				349870AA2263B16500E0F077 /* OLORT.TTF */,
				84672A092263BB0700FE902A /* McHandwriting.otf */,
				18EDEBCF22453B6400E64F66 /* GameViewController.swift */,
				18EDEBD122453B6400E64F66 /* Main.storyboard */,
				18EDEBD422453B6500E64F66 /* Assets.xcassets */,
				18EDEBD622453B6500E64F66 /* LaunchScreen.storyboard */,
				18EDEBD922453B6500E64F66 /* Info.plist */,
			);
			path = MoreCowbell;
			sourceTree = "<group>";
		};
		18EDEBE122453B6500E64F66 /* MoreCowbellTests */ = {
			isa = PBXGroup;
			children = (
				18EDEBE222453B6500E64F66 /* MoreCowbellTests.swift */,
				18EDEBE422453B6500E64F66 /* Info.plist */,
			);
			path = MoreCowbellTests;
			sourceTree = "<group>";
		};
		18EDEBEC22453B6500E64F66 /* MoreCowbellUITests */ = {
			isa = PBXGroup;
			children = (
				18EDEBED22453B6500E64F66 /* MoreCowbellUITests.swift */,
				18EDEBEF22453B6500E64F66 /* Info.plist */,
			);
			path = MoreCowbellUITests;
			sourceTree = "<group>";
		};
		18EDEC03224543FF00E64F66 /* Screens */ = {
			isa = PBXGroup;
			children = (
				18EDEBFB22453C3600E64F66 /* StartScreen.swift */,
				18EDEBFD2245431600E64F66 /* MapScreen.swift */,
				18EDEBFF2245436D00E64F66 /* GameScreen.swift */,
				18EDEC01224543A600E64F66 /* ResultScreen.swift */,
				18BAE66D22613770003ADB15 /* BaseScene.swift */,
			);
			path = Screens;
			sourceTree = "<group>";
		};
		18EDEC042245447000E64F66 /* Actors */ = {
			isa = PBXGroup;
			children = (
				1872AD712261217200F2511E /* Score.swift */,
				18441142225BE8BC00F4CEF5 /* Dot.swift */,
				189650FD225C1DC6005F42CB /* Slider.swift */,
				186632C922494ABA009BE45A /* SpriteButton.swift */,
			);
			path = Actors;
			sourceTree = "<group>";
		};
		18EDEC05224544CE00E64F66 /* Conductor */ = {
			isa = PBXGroup;
			children = (
				181EA7A2225BD50800D2478C /* Conductor.swift */,
				181EA7A4225BD52600D2478C /* Song.swift */,
				181EA7A6225BD54A00D2478C /* Note.swift */,
				181EA7A8225BD56500D2478C /* Bar.swift */,
			);
			path = Conductor;
			sourceTree = "<group>";
		};
		8400940E2249C0B900FED121 /* Audio */ = {
			isa = PBXGroup;
			children = (
				CE29A6F02249CD3F00E3720C /* Effects */,
				840094122249C43200FED121 /* Music */,
				840094112249C42B00FED121 /* Voice */,
			);
			path = Audio;
			sourceTree = "<group>";
		};
		840094112249C42B00FED121 /* Voice */ = {
			isa = PBXGroup;
			children = (
				8400941A2249C45100FED121 /* comeongene.wav */,
				8400941E2249C45100FED121 /* couldusemore.wav */,
				840094192249C45100FED121 /* diapers.wav */,
				8400941F2249C45100FED121 /* dontblowthis.wav */,
				8400941C2249C45100FED121 /* dynamitesound.wav */,
				840094212249C45200FED121 /* morecowbell.wav */,
				8400941B2249C45100FED121 /* prescription.wav */,
				840094202249C45200FED121 /* reaper.wav */,
			);
			path = Voice;
			sourceTree = "<group>";
		};
		840094122249C43200FED121 /* Music */ = {
			isa = PBXGroup;
			children = (
				84672A0A2263C7AA00FE902A /* lowRider.mp3 */,
				840094132249C44200FED121 /* reaper.mp3 */,
				840094142249C44300FED121 /* surf.mp3 */,
				840094152249C44300FED121 /* title.mp3 */,
			);
			path = Music;
			sourceTree = "<group>";
		};
		CE29A6F02249CD3F00E3720C /* Effects */ = {
			isa = PBXGroup;
			children = (
				8400941D2249C45100FED121 /* cowbell.wav */,
			);
			path = Effects;
			sourceTree = "<group>";
		};
		CE895AA222626EDB0039A1EF /* SongData */ = {
			isa = PBXGroup;
			children = (
				CE96E753226327CD008FD03F /* lowrider.json */,
				CE895AA322626F410039A1EF /* reaper.json */,
			);
			path = SongData;
			sourceTree = "<group>";
		};
		CEA75B6C226234CD00ECD15E /* Game */ = {
			isa = PBXGroup;
			children = (
				184E73D5225C000500187D92 /* GameInstance.swift */,
			);
			path = Game;
			sourceTree = "<group>";
		};
/* End PBXGroup section */

/* Begin PBXNativeTarget section */
		18EDEBC322453B6400E64F66 /* MoreCowbell */ = {
			isa = PBXNativeTarget;
			buildConfigurationList = 18EDEBF222453B6500E64F66 /* Build configuration list for PBXNativeTarget "MoreCowbell" */;
			buildPhases = (
				18EDEBC022453B6400E64F66 /* Sources */,
				18EDEBC122453B6400E64F66 /* Frameworks */,
				18EDEBC222453B6400E64F66 /* Resources */,
			);
			buildRules = (
			);
			dependencies = (
			);
			name = MoreCowbell;
			productName = MoreCowbell;
			productReference = 18EDEBC422453B6400E64F66 /* MoreCowbell.app */;
			productType = "com.apple.product-type.application";
		};
		18EDEBDD22453B6500E64F66 /* MoreCowbellTests */ = {
			isa = PBXNativeTarget;
			buildConfigurationList = 18EDEBF522453B6500E64F66 /* Build configuration list for PBXNativeTarget "MoreCowbellTests" */;
			buildPhases = (
				18EDEBDA22453B6500E64F66 /* Sources */,
				18EDEBDB22453B6500E64F66 /* Frameworks */,
				18EDEBDC22453B6500E64F66 /* Resources */,
			);
			buildRules = (
			);
			dependencies = (
				18EDEBE022453B6500E64F66 /* PBXTargetDependency */,
			);
			name = MoreCowbellTests;
			productName = MoreCowbellTests;
			productReference = 18EDEBDE22453B6500E64F66 /* MoreCowbellTests.xctest */;
			productType = "com.apple.product-type.bundle.unit-test";
		};
		18EDEBE822453B6500E64F66 /* MoreCowbellUITests */ = {
			isa = PBXNativeTarget;
			buildConfigurationList = 18EDEBF822453B6500E64F66 /* Build configuration list for PBXNativeTarget "MoreCowbellUITests" */;
			buildPhases = (
				18EDEBE522453B6500E64F66 /* Sources */,
				18EDEBE622453B6500E64F66 /* Frameworks */,
				18EDEBE722453B6500E64F66 /* Resources */,
			);
			buildRules = (
			);
			dependencies = (
				18EDEBEB22453B6500E64F66 /* PBXTargetDependency */,
			);
			name = MoreCowbellUITests;
			productName = MoreCowbellUITests;
			productReference = 18EDEBE922453B6500E64F66 /* MoreCowbellUITests.xctest */;
			productType = "com.apple.product-type.bundle.ui-testing";
		};
/* End PBXNativeTarget section */

/* Begin PBXProject section */
		18EDEBBC22453B6400E64F66 /* Project object */ = {
			isa = PBXProject;
			attributes = {
				LastSwiftUpdateCheck = 0940;
				LastUpgradeCheck = 0940;
				ORGANIZATIONNAME = BraveNewStudios;
				TargetAttributes = {
					18EDEBC322453B6400E64F66 = {
						CreatedOnToolsVersion = 9.4.1;
					};
					18EDEBDD22453B6500E64F66 = {
						CreatedOnToolsVersion = 9.4.1;
						TestTargetID = 18EDEBC322453B6400E64F66;
					};
					18EDEBE822453B6500E64F66 = {
						CreatedOnToolsVersion = 9.4.1;
						TestTargetID = 18EDEBC322453B6400E64F66;
					};
				};
			};
			buildConfigurationList = 18EDEBBF22453B6400E64F66 /* Build configuration list for PBXProject "MoreCowbell" */;
			compatibilityVersion = "Xcode 9.3";
			developmentRegion = en;
			hasScannedForEncodings = 0;
			knownRegions = (
				en,
				Base,
			);
			mainGroup = 18EDEBBB22453B6400E64F66;
			productRefGroup = 18EDEBC522453B6400E64F66 /* Products */;
			projectDirPath = "";
			projectRoot = "";
			targets = (
				18EDEBC322453B6400E64F66 /* MoreCowbell */,
				18EDEBDD22453B6500E64F66 /* MoreCowbellTests */,
				18EDEBE822453B6500E64F66 /* MoreCowbellUITests */,
			);
		};
/* End PBXProject section */

/* Begin PBXResourcesBuildPhase section */
		18EDEBC222453B6400E64F66 /* Resources */ = {
			isa = PBXResourcesBuildPhase;
			buildActionMask = 2147483647;
			files = (
				840094172249C44300FED121 /* surf.mp3 in Resources */,
				349870AB2263B55A00E0F077 /* OLORT.TTF in Resources */,
				840094252249C45200FED121 /* dynamitesound.wav in Resources */,
				840094182249C44300FED121 /* title.mp3 in Resources */,
				840094272249C45200FED121 /* couldusemore.wav in Resources */,
				840094232249C45200FED121 /* comeongene.wav in Resources */,
				840094292249C45200FED121 /* reaper.wav in Resources */,
				18EDEBD322453B6400E64F66 /* Main.storyboard in Resources */,
				840094222249C45200FED121 /* diapers.wav in Resources */,
				840094242249C45200FED121 /* prescription.wav in Resources */,
				349870AC2263BD0400E0F077 /* McHandwriting.otf in Resources */,
				840094162249C44300FED121 /* reaper.mp3 in Resources */,
				18EDEBCA22453B6400E64F66 /* GameScene.sks in Resources */,
				840094262249C45200FED121 /* cowbell.wav in Resources */,
				CE96E754226327CD008FD03F /* lowrider.json in Resources */,
				18EDEBD522453B6500E64F66 /* Assets.xcassets in Resources */,
				840094282249C45200FED121 /* dontblowthis.wav in Resources */,
				CE895AA422626F410039A1EF /* reaper.json in Resources */,
				18EDEBD822453B6500E64F66 /* LaunchScreen.storyboard in Resources */,
				8400942A2249C45200FED121 /* morecowbell.wav in Resources */,
				18EDEBCC22453B6400E64F66 /* Actions.sks in Resources */,
				84672A0B2263C7AA00FE902A /* lowRider.mp3 in Resources */,
			);
			runOnlyForDeploymentPostprocessing = 0;
		};
		18EDEBDC22453B6500E64F66 /* Resources */ = {
			isa = PBXResourcesBuildPhase;
			buildActionMask = 2147483647;
			files = (
			);
			runOnlyForDeploymentPostprocessing = 0;
		};
		18EDEBE722453B6500E64F66 /* Resources */ = {
			isa = PBXResourcesBuildPhase;
			buildActionMask = 2147483647;
			files = (
			);
			runOnlyForDeploymentPostprocessing = 0;
		};
/* End PBXResourcesBuildPhase section */

/* Begin PBXSourcesBuildPhase section */
		18EDEBC022453B6400E64F66 /* Sources */ = {
			isa = PBXSourcesBuildPhase;
			buildActionMask = 2147483647;
			files = (
				186632CA22494ABA009BE45A /* SpriteButton.swift in Sources */,
				181EA7A9225BD56500D2478C /* Bar.swift in Sources */,
				1872AD732261217200F2511E /* Score.swift in Sources */,
				184E73D6225C000500187D92 /* GameInstance.swift in Sources */,
				18EDEBCE22453B6400E64F66 /* GameScene.swift in Sources */,
				189650FE225C1DC6005F42CB /* Slider.swift in Sources */,
				18BAE66E22613770003ADB15 /* BaseScene.swift in Sources */,
				18EDEC002245436D00E64F66 /* GameScreen.swift in Sources */,
				18EDEBD022453B6400E64F66 /* GameViewController.swift in Sources */,
				181EA7A5225BD52600D2478C /* Song.swift in Sources */,
				181EA7A3225BD50800D2478C /* Conductor.swift in Sources */,
				18EDEBFC22453C3600E64F66 /* StartScreen.swift in Sources */,
				181EA7A7225BD54A00D2478C /* Note.swift in Sources */,
				18EDEBC822453B6400E64F66 /* AppDelegate.swift in Sources */,
				18EDEBFE2245431600E64F66 /* MapScreen.swift in Sources */,
				18441143225BE8BC00F4CEF5 /* Dot.swift in Sources */,
				18EDEC02224543A600E64F66 /* ResultScreen.swift in Sources */,
			);
			runOnlyForDeploymentPostprocessing = 0;
		};
		18EDEBDA22453B6500E64F66 /* Sources */ = {
			isa = PBXSourcesBuildPhase;
			buildActionMask = 2147483647;
			files = (
				18EDEBE322453B6500E64F66 /* MoreCowbellTests.swift in Sources */,
			);
			runOnlyForDeploymentPostprocessing = 0;
		};
		18EDEBE522453B6500E64F66 /* Sources */ = {
			isa = PBXSourcesBuildPhase;
			buildActionMask = 2147483647;
			files = (
				18EDEBEE22453B6500E64F66 /* MoreCowbellUITests.swift in Sources */,
			);
			runOnlyForDeploymentPostprocessing = 0;
		};
/* End PBXSourcesBuildPhase section */

/* Begin PBXTargetDependency section */
		18EDEBE022453B6500E64F66 /* PBXTargetDependency */ = {
			isa = PBXTargetDependency;
			target = 18EDEBC322453B6400E64F66 /* MoreCowbell */;
			targetProxy = 18EDEBDF22453B6500E64F66 /* PBXContainerItemProxy */;
		};
		18EDEBEB22453B6500E64F66 /* PBXTargetDependency */ = {
			isa = PBXTargetDependency;
			target = 18EDEBC322453B6400E64F66 /* MoreCowbell */;
			targetProxy = 18EDEBEA22453B6500E64F66 /* PBXContainerItemProxy */;
		};
/* End PBXTargetDependency section */

/* Begin PBXVariantGroup section */
		18EDEBD122453B6400E64F66 /* Main.storyboard */ = {
			isa = PBXVariantGroup;
			children = (
				18EDEBD222453B6400E64F66 /* Base */,
			);
			name = Main.storyboard;
			sourceTree = "<group>";
		};
		18EDEBD622453B6500E64F66 /* LaunchScreen.storyboard */ = {
			isa = PBXVariantGroup;
			children = (
				18EDEBD722453B6500E64F66 /* Base */,
			);
			name = LaunchScreen.storyboard;
			sourceTree = "<group>";
		};
/* End PBXVariantGroup section */

/* Begin XCBuildConfiguration section */
		18EDEBF022453B6500E64F66 /* Debug */ = {
			isa = XCBuildConfiguration;
			buildSettings = {
				ALWAYS_SEARCH_USER_PATHS = NO;
				CLANG_ANALYZER_NONNULL = YES;
				CLANG_ANALYZER_NUMBER_OBJECT_CONVERSION = YES_AGGRESSIVE;
				CLANG_CXX_LANGUAGE_STANDARD = "gnu++14";
				CLANG_CXX_LIBRARY = "libc++";
				CLANG_ENABLE_MODULES = YES;
				CLANG_ENABLE_OBJC_ARC = YES;
				CLANG_ENABLE_OBJC_WEAK = YES;
				CLANG_WARN_BLOCK_CAPTURE_AUTORELEASING = YES;
				CLANG_WARN_BOOL_CONVERSION = YES;
				CLANG_WARN_COMMA = YES;
				CLANG_WARN_CONSTANT_CONVERSION = YES;
				CLANG_WARN_DEPRECATED_OBJC_IMPLEMENTATIONS = YES;
				CLANG_WARN_DIRECT_OBJC_ISA_USAGE = YES_ERROR;
				CLANG_WARN_DOCUMENTATION_COMMENTS = YES;
				CLANG_WARN_EMPTY_BODY = YES;
				CLANG_WARN_ENUM_CONVERSION = YES;
				CLANG_WARN_INFINITE_RECURSION = YES;
				CLANG_WARN_INT_CONVERSION = YES;
				CLANG_WARN_NON_LITERAL_NULL_CONVERSION = YES;
				CLANG_WARN_OBJC_IMPLICIT_RETAIN_SELF = YES;
				CLANG_WARN_OBJC_LITERAL_CONVERSION = YES;
				CLANG_WARN_OBJC_ROOT_CLASS = YES_ERROR;
				CLANG_WARN_RANGE_LOOP_ANALYSIS = YES;
				CLANG_WARN_STRICT_PROTOTYPES = YES;
				CLANG_WARN_SUSPICIOUS_MOVE = YES;
				CLANG_WARN_UNGUARDED_AVAILABILITY = YES_AGGRESSIVE;
				CLANG_WARN_UNREACHABLE_CODE = YES;
				CLANG_WARN__DUPLICATE_METHOD_MATCH = YES;
				CODE_SIGN_IDENTITY = "iPhone Developer";
				COPY_PHASE_STRIP = NO;
				DEBUG_INFORMATION_FORMAT = dwarf;
				ENABLE_STRICT_OBJC_MSGSEND = YES;
				ENABLE_TESTABILITY = YES;
				GCC_C_LANGUAGE_STANDARD = gnu11;
				GCC_DYNAMIC_NO_PIC = NO;
				GCC_NO_COMMON_BLOCKS = YES;
				GCC_OPTIMIZATION_LEVEL = 0;
				GCC_PREPROCESSOR_DEFINITIONS = (
					"DEBUG=1",
					"$(inherited)",
				);
				GCC_WARN_64_TO_32_BIT_CONVERSION = YES;
				GCC_WARN_ABOUT_RETURN_TYPE = YES_ERROR;
				GCC_WARN_UNDECLARED_SELECTOR = YES;
				GCC_WARN_UNINITIALIZED_AUTOS = YES_AGGRESSIVE;
				GCC_WARN_UNUSED_FUNCTION = YES;
				GCC_WARN_UNUSED_VARIABLE = YES;
				IPHONEOS_DEPLOYMENT_TARGET = 11.4;
				MTL_ENABLE_DEBUG_INFO = YES;
				ONLY_ACTIVE_ARCH = YES;
				SDKROOT = iphoneos;
				SWIFT_ACTIVE_COMPILATION_CONDITIONS = DEBUG;
				SWIFT_OPTIMIZATION_LEVEL = "-Onone";
			};
			name = Debug;
		};
		18EDEBF122453B6500E64F66 /* Release */ = {
			isa = XCBuildConfiguration;
			buildSettings = {
				ALWAYS_SEARCH_USER_PATHS = NO;
				CLANG_ANALYZER_NONNULL = YES;
				CLANG_ANALYZER_NUMBER_OBJECT_CONVERSION = YES_AGGRESSIVE;
				CLANG_CXX_LANGUAGE_STANDARD = "gnu++14";
				CLANG_CXX_LIBRARY = "libc++";
				CLANG_ENABLE_MODULES = YES;
				CLANG_ENABLE_OBJC_ARC = YES;
				CLANG_ENABLE_OBJC_WEAK = YES;
				CLANG_WARN_BLOCK_CAPTURE_AUTORELEASING = YES;
				CLANG_WARN_BOOL_CONVERSION = YES;
				CLANG_WARN_COMMA = YES;
				CLANG_WARN_CONSTANT_CONVERSION = YES;
				CLANG_WARN_DEPRECATED_OBJC_IMPLEMENTATIONS = YES;
				CLANG_WARN_DIRECT_OBJC_ISA_USAGE = YES_ERROR;
				CLANG_WARN_DOCUMENTATION_COMMENTS = YES;
				CLANG_WARN_EMPTY_BODY = YES;
				CLANG_WARN_ENUM_CONVERSION = YES;
				CLANG_WARN_INFINITE_RECURSION = YES;
				CLANG_WARN_INT_CONVERSION = YES;
				CLANG_WARN_NON_LITERAL_NULL_CONVERSION = YES;
				CLANG_WARN_OBJC_IMPLICIT_RETAIN_SELF = YES;
				CLANG_WARN_OBJC_LITERAL_CONVERSION = YES;
				CLANG_WARN_OBJC_ROOT_CLASS = YES_ERROR;
				CLANG_WARN_RANGE_LOOP_ANALYSIS = YES;
				CLANG_WARN_STRICT_PROTOTYPES = YES;
				CLANG_WARN_SUSPICIOUS_MOVE = YES;
				CLANG_WARN_UNGUARDED_AVAILABILITY = YES_AGGRESSIVE;
				CLANG_WARN_UNREACHABLE_CODE = YES;
				CLANG_WARN__DUPLICATE_METHOD_MATCH = YES;
				CODE_SIGN_IDENTITY = "iPhone Developer";
				COPY_PHASE_STRIP = NO;
				DEBUG_INFORMATION_FORMAT = "dwarf-with-dsym";
				ENABLE_NS_ASSERTIONS = NO;
				ENABLE_STRICT_OBJC_MSGSEND = YES;
				GCC_C_LANGUAGE_STANDARD = gnu11;
				GCC_NO_COMMON_BLOCKS = YES;
				GCC_WARN_64_TO_32_BIT_CONVERSION = YES;
				GCC_WARN_ABOUT_RETURN_TYPE = YES_ERROR;
				GCC_WARN_UNDECLARED_SELECTOR = YES;
				GCC_WARN_UNINITIALIZED_AUTOS = YES_AGGRESSIVE;
				GCC_WARN_UNUSED_FUNCTION = YES;
				GCC_WARN_UNUSED_VARIABLE = YES;
				IPHONEOS_DEPLOYMENT_TARGET = 11.4;
				MTL_ENABLE_DEBUG_INFO = NO;
				SDKROOT = iphoneos;
				SWIFT_COMPILATION_MODE = wholemodule;
				SWIFT_OPTIMIZATION_LEVEL = "-O";
				VALIDATE_PRODUCT = YES;
			};
			name = Release;
		};
		18EDEBF322453B6500E64F66 /* Debug */ = {
			isa = XCBuildConfiguration;
			buildSettings = {
				ASSETCATALOG_COMPILER_APPICON_NAME = AppIcon;
				CODE_SIGN_STYLE = Automatic;
				INFOPLIST_FILE = MoreCowbell/Info.plist;
				LD_RUNPATH_SEARCH_PATHS = (
					"$(inherited)",
					"@executable_path/Frameworks",
				);
				PRODUCT_BUNDLE_IDENTIFIER = BNS.MoreCowbell;
				PRODUCT_NAME = "$(TARGET_NAME)";
				SWIFT_VERSION = 4.0;
				TARGETED_DEVICE_FAMILY = "1,2";
			};
			name = Debug;
		};
		18EDEBF422453B6500E64F66 /* Release */ = {
			isa = XCBuildConfiguration;
			buildSettings = {
				ASSETCATALOG_COMPILER_APPICON_NAME = AppIcon;
				CODE_SIGN_STYLE = Automatic;
				INFOPLIST_FILE = MoreCowbell/Info.plist;
				LD_RUNPATH_SEARCH_PATHS = (
					"$(inherited)",
					"@executable_path/Frameworks",
				);
				PRODUCT_BUNDLE_IDENTIFIER = BNS.MoreCowbell;
				PRODUCT_NAME = "$(TARGET_NAME)";
				SWIFT_VERSION = 4.0;
				TARGETED_DEVICE_FAMILY = "1,2";
			};
			name = Release;
		};
		18EDEBF622453B6500E64F66 /* Debug */ = {
			isa = XCBuildConfiguration;
			buildSettings = {
				ALWAYS_EMBED_SWIFT_STANDARD_LIBRARIES = YES;
				BUNDLE_LOADER = "$(TEST_HOST)";
				CODE_SIGN_STYLE = Automatic;
				INFOPLIST_FILE = MoreCowbellTests/Info.plist;
				LD_RUNPATH_SEARCH_PATHS = (
					"$(inherited)",
					"@executable_path/Frameworks",
					"@loader_path/Frameworks",
				);
				PRODUCT_BUNDLE_IDENTIFIER = BNS.MoreCowbellTests;
				PRODUCT_NAME = "$(TARGET_NAME)";
				SWIFT_VERSION = 4.0;
				TARGETED_DEVICE_FAMILY = "1,2";
				TEST_HOST = "$(BUILT_PRODUCTS_DIR)/MoreCowbell.app/MoreCowbell";
			};
			name = Debug;
		};
		18EDEBF722453B6500E64F66 /* Release */ = {
			isa = XCBuildConfiguration;
			buildSettings = {
				ALWAYS_EMBED_SWIFT_STANDARD_LIBRARIES = YES;
				BUNDLE_LOADER = "$(TEST_HOST)";
				CODE_SIGN_STYLE = Automatic;
				INFOPLIST_FILE = MoreCowbellTests/Info.plist;
				LD_RUNPATH_SEARCH_PATHS = (
					"$(inherited)",
					"@executable_path/Frameworks",
					"@loader_path/Frameworks",
				);
				PRODUCT_BUNDLE_IDENTIFIER = BNS.MoreCowbellTests;
				PRODUCT_NAME = "$(TARGET_NAME)";
				SWIFT_VERSION = 4.0;
				TARGETED_DEVICE_FAMILY = "1,2";
				TEST_HOST = "$(BUILT_PRODUCTS_DIR)/MoreCowbell.app/MoreCowbell";
			};
			name = Release;
		};
		18EDEBF922453B6500E64F66 /* Debug */ = {
			isa = XCBuildConfiguration;
			buildSettings = {
				ALWAYS_EMBED_SWIFT_STANDARD_LIBRARIES = YES;
				CODE_SIGN_STYLE = Automatic;
				INFOPLIST_FILE = MoreCowbellUITests/Info.plist;
				LD_RUNPATH_SEARCH_PATHS = (
					"$(inherited)",
					"@executable_path/Frameworks",
					"@loader_path/Frameworks",
				);
				PRODUCT_BUNDLE_IDENTIFIER = BNS.MoreCowbellUITests;
				PRODUCT_NAME = "$(TARGET_NAME)";
				SWIFT_VERSION = 4.0;
				TARGETED_DEVICE_FAMILY = "1,2";
				TEST_TARGET_NAME = MoreCowbell;
			};
			name = Debug;
		};
		18EDEBFA22453B6500E64F66 /* Release */ = {
			isa = XCBuildConfiguration;
			buildSettings = {
				ALWAYS_EMBED_SWIFT_STANDARD_LIBRARIES = YES;
				CODE_SIGN_STYLE = Automatic;
				INFOPLIST_FILE = MoreCowbellUITests/Info.plist;
				LD_RUNPATH_SEARCH_PATHS = (
					"$(inherited)",
					"@executable_path/Frameworks",
					"@loader_path/Frameworks",
				);
				PRODUCT_BUNDLE_IDENTIFIER = BNS.MoreCowbellUITests;
				PRODUCT_NAME = "$(TARGET_NAME)";
				SWIFT_VERSION = 4.0;
				TARGETED_DEVICE_FAMILY = "1,2";
				TEST_TARGET_NAME = MoreCowbell;
			};
			name = Release;
		};
/* End XCBuildConfiguration section */

/* Begin XCConfigurationList section */
		18EDEBBF22453B6400E64F66 /* Build configuration list for PBXProject "MoreCowbell" */ = {
			isa = XCConfigurationList;
			buildConfigurations = (
				18EDEBF022453B6500E64F66 /* Debug */,
				18EDEBF122453B6500E64F66 /* Release */,
			);
			defaultConfigurationIsVisible = 0;
			defaultConfigurationName = Release;
		};
		18EDEBF222453B6500E64F66 /* Build configuration list for PBXNativeTarget "MoreCowbell" */ = {
			isa = XCConfigurationList;
			buildConfigurations = (
				18EDEBF322453B6500E64F66 /* Debug */,
				18EDEBF422453B6500E64F66 /* Release */,
			);
			defaultConfigurationIsVisible = 0;
			defaultConfigurationName = Release;
		};
		18EDEBF522453B6500E64F66 /* Build configuration list for PBXNativeTarget "MoreCowbellTests" */ = {
			isa = XCConfigurationList;
			buildConfigurations = (
				18EDEBF622453B6500E64F66 /* Debug */,
				18EDEBF722453B6500E64F66 /* Release */,
			);
			defaultConfigurationIsVisible = 0;
			defaultConfigurationName = Release;
		};
		18EDEBF822453B6500E64F66 /* Build configuration list for PBXNativeTarget "MoreCowbellUITests" */ = {
			isa = XCConfigurationList;
			buildConfigurations = (
				18EDEBF922453B6500E64F66 /* Debug */,
				18EDEBFA22453B6500E64F66 /* Release */,
			);
			defaultConfigurationIsVisible = 0;
			defaultConfigurationName = Release;
		};
/* End XCConfigurationList section */
	};
	rootObject = 18EDEBBC22453B6400E64F66 /* Project object */;
}
